
Microsoft Visual Studio Solution File, Format Version 12.00
# Visual Studio Version 16
VisualStudioVersion = 16.0.32002.261
MinimumVisualStudioVersion = 10.0.40219.1
Project("{9A19103F-16F7-4668-BE54-9A1E7A4F7556}") = "TDiary.Api", "TDiary.Api\TDiary.Api.csproj", "{2F634A28-66F8-47E1-ABFE-AD7CA1A5E3F7}"
EndProject
Project("{9A19103F-16F7-4668-BE54-9A1E7A4F7556}") = "TDiary.Common", "TDiary.Common\TDiary.Common.csproj", "{4F92A6F7-B2E5-4CE5-B625-E72A1C874113}"
EndProject
Project("{9A19103F-16F7-4668-BE54-9A1E7A4F7556}") = "TDiary.Database", "TDiary.Database\TDiary.Database.csproj", "{08C69A42-6CF0-483F-8B3F-8660942995BF}"
EndProject
Project("{2150E333-8FDC-42A3-9474-1A3956D46DE8}") = "Solution Items", "Solution Items", "{D1A42205-67CF-4E39-98F0-C04E0C24AE88}"
	ProjectSection(SolutionItems) = preProject
		.editorconfig = .editorconfig
	EndProjectSection
EndProject
Project("{9A19103F-16F7-4668-BE54-9A1E7A4F7556}") = "TDiary.Grpc", "TDiary.Grpc\TDiary.Grpc.csproj", "{4434F081-2DB5-4B92-BC85-F4DD0BA6EE34}"
EndProject
Project("{9A19103F-16F7-4668-BE54-9A1E7A4F7556}") = "TDiary.UnitTests", "TDiary.UnitTests\TDiary.UnitTests.csproj", "{8CC6C312-EC3C-4285-9CE9-F4EFF9A8B375}"
EndProject
Project("{9A19103F-16F7-4668-BE54-9A1E7A4F7556}") = "TDiary.Web", "TDiary.Web\TDiary.Web.csproj", "{E665A7B0-4BC9-4ED8-A364-DC2764E03E7F}"
EndProject
Global
	GlobalSection(SolutionConfigurationPlatforms) = preSolution
		Debug|Any CPU = Debug|Any CPU
		Release|Any CPU = Release|Any CPU
	EndGlobalSection
	GlobalSection(ProjectConfigurationPlatforms) = postSolution
		{2F634A28-66F8-47E1-ABFE-AD7CA1A5E3F7}.Debug|Any CPU.ActiveCfg = Debug|Any CPU
		{2F634A28-66F8-47E1-ABFE-AD7CA1A5E3F7}.Debug|Any CPU.Build.0 = Debug|Any CPU
		{2F634A28-66F8-47E1-ABFE-AD7CA1A5E3F7}.Release|Any CPU.ActiveCfg = Release|Any CPU
		{2F634A28-66F8-47E1-ABFE-AD7CA1A5E3F7}.Release|Any CPU.Build.0 = Release|Any CPU
		{4F92A6F7-B2E5-4CE5-B625-E72A1C874113}.Debug|Any CPU.ActiveCfg = Debug|Any CPU
		{4F92A6F7-B2E5-4CE5-B625-E72A1C874113}.Debug|Any CPU.Build.0 = Debug|Any CPU
		{4F92A6F7-B2E5-4CE5-B625-E72A1C874113}.Release|Any CPU.ActiveCfg = Release|Any CPU
		{4F92A6F7-B2E5-4CE5-B625-E72A1C874113}.Release|Any CPU.Build.0 = Release|Any CPU
		{08C69A42-6CF0-483F-8B3F-8660942995BF}.Debug|Any CPU.ActiveCfg = Debug|Any CPU
		{08C69A42-6CF0-483F-8B3F-8660942995BF}.Debug|Any CPU.Build.0 = Debug|Any CPU
		{08C69A42-6CF0-483F-8B3F-8660942995BF}.Release|Any CPU.ActiveCfg = Release|Any CPU
		{08C69A42-6CF0-483F-8B3F-8660942995BF}.Release|Any CPU.Build.0 = Release|Any CPU
		{4434F081-2DB5-4B92-BC85-F4DD0BA6EE34}.Debug|Any CPU.ActiveCfg = Debug|Any CPU
		{4434F081-2DB5-4B92-BC85-F4DD0BA6EE34}.Debug|Any CPU.Build.0 = Debug|Any CPU
		{4434F081-2DB5-4B92-BC85-F4DD0BA6EE34}.Release|Any CPU.ActiveCfg = Release|Any CPU
		{4434F081-2DB5-4B92-BC85-F4DD0BA6EE34}.Release|Any CPU.Build.0 = Release|Any CPU
		{8CC6C312-EC3C-4285-9CE9-F4EFF9A8B375}.Debug|Any CPU.ActiveCfg = Debug|Any CPU
		{8CC6C312-EC3C-4285-9CE9-F4EFF9A8B375}.Debug|Any CPU.Build.0 = Debug|Any CPU
		{8CC6C312-EC3C-4285-9CE9-F4EFF9A8B375}.Release|Any CPU.ActiveCfg = Release|Any CPU
		{8CC6C312-EC3C-4285-9CE9-F4EFF9A8B375}.Release|Any CPU.Build.0 = Release|Any CPU
		{E665A7B0-4BC9-4ED8-A364-DC2764E03E7F}.Debug|Any CPU.ActiveCfg = Debug|Any CPU
		{E665A7B0-4BC9-4ED8-A364-DC2764E03E7F}.Debug|Any CPU.Build.0 = Debug|Any CPU
		{E665A7B0-4BC9-4ED8-A364-DC2764E03E7F}.Release|Any CPU.ActiveCfg = Release|Any CPU
		{E665A7B0-4BC9-4ED8-A364-DC2764E03E7F}.Release|Any CPU.Build.0 = Release|Any CPU
	EndGlobalSection
	GlobalSection(SolutionProperties) = preSolution
		HideSolutionNode = FALSE
	EndGlobalSection
	GlobalSection(ExtensibilityGlobals) = postSolution
		SolutionGuid = {FC48A7A1-3AAC-41B8-ACC1-A1AD55BF4F63}
	EndGlobalSection
EndGlobal
